
Microsoft Visual Studio Solution File, Format Version 12.00
# Visual Studio Version 17
VisualStudioVersion = 17.9.34607.119
MinimumVisualStudioVersion = 10.0.40219.1
Project("{9A19103F-16F7-4668-BE54-9A1E7A4F7556}") = "MeusRepositorios", "MeusRepositorios\MeusRepositorios.csproj", "{B703CBAC-1AAD-40F5-84DD-8974D3D2A5C1}"
EndProject
Project("{FAE04EC0-301F-11D3-BF4B-00C04F79EFBC}") = "MeusRepositorios.Tests", "MeusRepositorios.Tests\MeusRepositorios.Tests.csproj", "{52806352-2757-4223-A0D0-FF7A5C85D41E}"
EndProject
Global
	GlobalSection(SolutionConfigurationPlatforms) = preSolution
		Debug|Any CPU = Debug|Any CPU
		Release|Any CPU = Release|Any CPU
	EndGlobalSection
	GlobalSection(ProjectConfigurationPlatforms) = postSolution
		{B703CBAC-1AAD-40F5-84DD-8974D3D2A5C1}.Debug|Any CPU.ActiveCfg = Debug|Any CPU
		{B703CBAC-1AAD-40F5-84DD-8974D3D2A5C1}.Debug|Any CPU.Build.0 = Debug|Any CPU
		{B703CBAC-1AAD-40F5-84DD-8974D3D2A5C1}.Release|Any CPU.ActiveCfg = Release|Any CPU
		{B703CBAC-1AAD-40F5-84DD-8974D3D2A5C1}.Release|Any CPU.Build.0 = Release|Any CPU
		{52806352-2757-4223-A0D0-FF7A5C85D41E}.Debug|Any CPU.ActiveCfg = Debug|Any CPU
		{52806352-2757-4223-A0D0-FF7A5C85D41E}.Debug|Any CPU.Build.0 = Debug|Any CPU
		{52806352-2757-4223-A0D0-FF7A5C85D41E}.Release|Any CPU.ActiveCfg = Release|Any CPU
		{52806352-2757-4223-A0D0-FF7A5C85D41E}.Release|Any CPU.Build.0 = Release|Any CPU
	EndGlobalSection
	GlobalSection(SolutionProperties) = preSolution
		HideSolutionNode = FALSE
	EndGlobalSection
	GlobalSection(ExtensibilityGlobals) = postSolution
		SolutionGuid = {D0138DA9-D42D-46C6-A09F-0F06E6F0F3C2}
	EndGlobalSection
EndGlobal
